
Microsoft Visual Studio Solution File, Format Version 12.00
# Visual Studio Version 17
VisualStudioVersion = 17.11.35222.181
MinimumVisualStudioVersion = 10.0.40219.1
Project("{8BC9CEB8-8B4A-11D0-8D11-00A0C91BC942}") = "pr_05_1", "pr_05_1\pr_05_1.vcxproj", "{B0044F9B-98B6-4CDC-9D58-B14A003C227A}"
EndProject
Project("{8BC9CEB8-8B4A-11D0-8D11-00A0C91BC942}") = "UnitTest1", "UnitTest1\UnitTest1.vcxproj", "{14954DFF-E566-48AB-9145-A5914DE4ED00}"
EndProject
Global
	GlobalSection(SolutionConfigurationPlatforms) = preSolution
		Debug|x64 = Debug|x64
		Debug|x86 = Debug|x86
		Release|x64 = Release|x64
		Release|x86 = Release|x86
	EndGlobalSection
	GlobalSection(ProjectConfigurationPlatforms) = postSolution
		{B0044F9B-98B6-4CDC-9D58-B14A003C227A}.Debug|x64.ActiveCfg = Debug|x64
		{B0044F9B-98B6-4CDC-9D58-B14A003C227A}.Debug|x64.Build.0 = Debug|x64
		{B0044F9B-98B6-4CDC-9D58-B14A003C227A}.Debug|x86.ActiveCfg = Debug|Win32
		{B0044F9B-98B6-4CDC-9D58-B14A003C227A}.Debug|x86.Build.0 = Debug|Win32
		{B0044F9B-98B6-4CDC-9D58-B14A003C227A}.Release|x64.ActiveCfg = Release|x64
		{B0044F9B-98B6-4CDC-9D58-B14A003C227A}.Release|x64.Build.0 = Release|x64
		{B0044F9B-98B6-4CDC-9D58-B14A003C227A}.Release|x86.ActiveCfg = Release|Win32
		{B0044F9B-98B6-4CDC-9D58-B14A003C227A}.Release|x86.Build.0 = Release|Win32
		{14954DFF-E566-48AB-9145-A5914DE4ED00}.Debug|x64.ActiveCfg = Debug|x64
		{14954DFF-E566-48AB-9145-A5914DE4ED00}.Debug|x64.Build.0 = Debug|x64
		{14954DFF-E566-48AB-9145-A5914DE4ED00}.Debug|x86.ActiveCfg = Debug|Win32
		{14954DFF-E566-48AB-9145-A5914DE4ED00}.Debug|x86.Build.0 = Debug|Win32
		{14954DFF-E566-48AB-9145-A5914DE4ED00}.Release|x64.ActiveCfg = Release|x64
		{14954DFF-E566-48AB-9145-A5914DE4ED00}.Release|x64.Build.0 = Release|x64
		{14954DFF-E566-48AB-9145-A5914DE4ED00}.Release|x86.ActiveCfg = Release|Win32
		{14954DFF-E566-48AB-9145-A5914DE4ED00}.Release|x86.Build.0 = Release|Win32
	EndGlobalSection
	GlobalSection(SolutionProperties) = preSolution
		HideSolutionNode = FALSE
	EndGlobalSection
	GlobalSection(ExtensibilityGlobals) = postSolution
		SolutionGuid = {84069573-7B7D-470A-BB37-DF01FABB655B}
	EndGlobalSection
EndGlobal
